// !$*UTF8*$!
{
	archiveVersion = 1;
	classes = {
	};
	objectVersion = 48;
	objects = {

/* Begin PBXBuildFile section */
		159E528A209055400052D216 /* UIButton+CJAdd.m in Sources */ = {isa = PBXBuildFile; fileRef = 159E5289209055400052D216 /* UIButton+CJAdd.m */; };
		159E528D209055630052D216 /* UIColor+CJAdd.m in Sources */ = {isa = PBXBuildFile; fileRef = 159E528C209055630052D216 /* UIColor+CJAdd.m */; };
		15AF8BE9208F38EA00B1B3B8 /* AppDelegate.m in Sources */ = {isa = PBXBuildFile; fileRef = 15AF8BE8208F38EA00B1B3B8 /* AppDelegate.m */; };
		15AF8BEC208F38EA00B1B3B8 /* ViewController.m in Sources */ = {isa = PBXBuildFile; fileRef = 15AF8BEB208F38EA00B1B3B8 /* ViewController.m */; };
		15AF8BEF208F38EA00B1B3B8 /* Main.storyboard in Resources */ = {isa = PBXBuildFile; fileRef = 15AF8BED208F38EA00B1B3B8 /* Main.storyboard */; };
		15AF8BF1208F38F200B1B3B8 /* Assets.xcassets in Resources */ = {isa = PBXBuildFile; fileRef = 15AF8BF0208F38F200B1B3B8 /* Assets.xcassets */; };
		15AF8BF4208F38F200B1B3B8 /* LaunchScreen.storyboard in Resources */ = {isa = PBXBuildFile; fileRef = 15AF8BF2208F38F200B1B3B8 /* LaunchScreen.storyboard */; };
		15AF8BF7208F38F200B1B3B8 /* main.m in Sources */ = {isa = PBXBuildFile; fileRef = 15AF8BF6208F38F200B1B3B8 /* main.m */; };
		15AF8C04208F39A000B1B3B8 /* AppDelegate+AppServer.m in Sources */ = {isa = PBXBuildFile; fileRef = 15AF8C03208F39A000B1B3B8 /* AppDelegate+AppServer.m */; };
		15AF8C07208F39B000B1B3B8 /* AppDelegate+PushServer.m in Sources */ = {isa = PBXBuildFile; fileRef = 15AF8C06208F39B000B1B3B8 /* AppDelegate+PushServer.m */; };
		A09C914D4E4881E2EA894AD6 /* Pods_CommonKit.framework in Frameworks */ = {isa = PBXBuildFile; fileRef = 84BBD78EBFE900BC72041487 /* Pods_CommonKit.framework */; };
/* End PBXBuildFile section */

/* Begin PBXFileReference section */
		159E526E20900C0E0052D216 /* 说明.h */ = {isa = PBXFileReference; lastKnownFileType = sourcecode.c.h; path = "说明.h"; sourceTree = "<group>"; };
		159E526F20900D950052D216 /* 说明.h */ = {isa = PBXFileReference; lastKnownFileType = sourcecode.c.h; path = "说明.h"; sourceTree = "<group>"; };
		159E5271209010120052D216 /* 说明.h */ = {isa = PBXFileReference; lastKnownFileType = sourcecode.c.h; path = "说明.h"; sourceTree = "<group>"; };
		159E5288209055400052D216 /* UIButton+CJAdd.h */ = {isa = PBXFileReference; lastKnownFileType = sourcecode.c.h; path = "UIButton+CJAdd.h"; sourceTree = "<group>"; };
		159E5289209055400052D216 /* UIButton+CJAdd.m */ = {isa = PBXFileReference; lastKnownFileType = sourcecode.c.objc; path = "UIButton+CJAdd.m"; sourceTree = "<group>"; };
		159E528B209055630052D216 /* UIColor+CJAdd.h */ = {isa = PBXFileReference; lastKnownFileType = sourcecode.c.h; path = "UIColor+CJAdd.h"; sourceTree = "<group>"; };
		159E528C209055630052D216 /* UIColor+CJAdd.m */ = {isa = PBXFileReference; lastKnownFileType = sourcecode.c.objc; path = "UIColor+CJAdd.m"; sourceTree = "<group>"; };
		159E52912090562A0052D216 /* FontAndColor.h */ = {isa = PBXFileReference; lastKnownFileType = sourcecode.c.h; path = FontAndColor.h; sourceTree = "<group>"; };
		159E5292209056530052D216 /* SDKConst.h */ = {isa = PBXFileReference; lastKnownFileType = sourcecode.c.h; path = SDKConst.h; sourceTree = "<group>"; };
		159E5294209056760052D216 /* URLConst.h */ = {isa = PBXFileReference; lastKnownFileType = sourcecode.c.h; path = URLConst.h; sourceTree = "<group>"; };
		159E5295209057790052D216 /* NotificationConst.h */ = {isa = PBXFileReference; lastKnownFileType = sourcecode.c.h; path = NotificationConst.h; sourceTree = "<group>"; };
		159E5297209057E40052D216 /* OtherConst.h */ = {isa = PBXFileReference; lastKnownFileType = sourcecode.c.h; path = OtherConst.h; sourceTree = "<group>"; };
		15AF8BE4208F38EA00B1B3B8 /* CommonKit.app */ = {isa = PBXFileReference; explicitFileType = wrapper.application; includeInIndex = 0; path = CommonKit.app; sourceTree = BUILT_PRODUCTS_DIR; };
		15AF8BE7208F38EA00B1B3B8 /* AppDelegate.h */ = {isa = PBXFileReference; lastKnownFileType = sourcecode.c.h; path = AppDelegate.h; sourceTree = "<group>"; };
		15AF8BE8208F38EA00B1B3B8 /* AppDelegate.m */ = {isa = PBXFileReference; lastKnownFileType = sourcecode.c.objc; path = AppDelegate.m; sourceTree = "<group>"; };
		15AF8BEA208F38EA00B1B3B8 /* ViewController.h */ = {isa = PBXFileReference; lastKnownFileType = sourcecode.c.h; path = ViewController.h; sourceTree = "<group>"; };
		15AF8BEB208F38EA00B1B3B8 /* ViewController.m */ = {isa = PBXFileReference; lastKnownFileType = sourcecode.c.objc; path = ViewController.m; sourceTree = "<group>"; };
		15AF8BEE208F38EA00B1B3B8 /* Base */ = {isa = PBXFileReference; lastKnownFileType = file.storyboard; name = Base; path = Base.lproj/Main.storyboard; sourceTree = "<group>"; };
		15AF8BF0208F38F200B1B3B8 /* Assets.xcassets */ = {isa = PBXFileReference; lastKnownFileType = folder.assetcatalog; path = Assets.xcassets; sourceTree = "<group>"; };
		15AF8BF3208F38F200B1B3B8 /* Base */ = {isa = PBXFileReference; lastKnownFileType = file.storyboard; name = Base; path = Base.lproj/LaunchScreen.storyboard; sourceTree = "<group>"; };
		15AF8BF5208F38F200B1B3B8 /* Info.plist */ = {isa = PBXFileReference; lastKnownFileType = text.plist.xml; path = Info.plist; sourceTree = "<group>"; };
		15AF8BF6208F38F200B1B3B8 /* main.m */ = {isa = PBXFileReference; lastKnownFileType = sourcecode.c.objc; path = main.m; sourceTree = "<group>"; };
		15AF8C02208F39A000B1B3B8 /* AppDelegate+AppServer.h */ = {isa = PBXFileReference; lastKnownFileType = sourcecode.c.h; path = "AppDelegate+AppServer.h"; sourceTree = "<group>"; };
		15AF8C03208F39A000B1B3B8 /* AppDelegate+AppServer.m */ = {isa = PBXFileReference; lastKnownFileType = sourcecode.c.objc; path = "AppDelegate+AppServer.m"; sourceTree = "<group>"; };
		15AF8C05208F39B000B1B3B8 /* AppDelegate+PushServer.h */ = {isa = PBXFileReference; lastKnownFileType = sourcecode.c.h; path = "AppDelegate+PushServer.h"; sourceTree = "<group>"; };
		15AF8C06208F39B000B1B3B8 /* AppDelegate+PushServer.m */ = {isa = PBXFileReference; lastKnownFileType = sourcecode.c.objc; path = "AppDelegate+PushServer.m"; sourceTree = "<group>"; };
		37FF04B98BD663F153157043 /* Pods-CommonKit.debug.xcconfig */ = {isa = PBXFileReference; includeInIndex = 1; lastKnownFileType = text.xcconfig; name = "Pods-CommonKit.debug.xcconfig"; path = "Pods/Target Support Files/Pods-CommonKit/Pods-CommonKit.debug.xcconfig"; sourceTree = "<group>"; };
		84BBD78EBFE900BC72041487 /* Pods_CommonKit.framework */ = {isa = PBXFileReference; explicitFileType = wrapper.framework; includeInIndex = 0; path = Pods_CommonKit.framework; sourceTree = BUILT_PRODUCTS_DIR; };
		BEF5543D7849C4F093BBAF39 /* Pods-CommonKit.release.xcconfig */ = {isa = PBXFileReference; includeInIndex = 1; lastKnownFileType = text.xcconfig; name = "Pods-CommonKit.release.xcconfig"; path = "Pods/Target Support Files/Pods-CommonKit/Pods-CommonKit.release.xcconfig"; sourceTree = "<group>"; };
/* End PBXFileReference section */

/* Begin PBXFrameworksBuildPhase section */
		15AF8BE1208F38EA00B1B3B8 /* Frameworks */ = {
			isa = PBXFrameworksBuildPhase;
			buildActionMask = 2147483647;
			files = (
				A09C914D4E4881E2EA894AD6 /* Pods_CommonKit.framework in Frameworks */,
			);
			runOnlyForDeploymentPostprocessing = 0;
		};
/* End PBXFrameworksBuildPhase section */

/* Begin PBXGroup section */
		159E527020900ED90052D216 /* Category */ = {
			isa = PBXGroup;
			children = (
				159E5288209055400052D216 /* UIButton+CJAdd.h */,
				159E5289209055400052D216 /* UIButton+CJAdd.m */,
				159E528B209055630052D216 /* UIColor+CJAdd.h */,
				159E528C209055630052D216 /* UIColor+CJAdd.m */,
			);
			path = Category;
			sourceTree = "<group>";
		};
		159E5281209054720052D216 /* HTTP */ = {
			isa = PBXGroup;
			children = (
			);
			path = HTTP;
			sourceTree = "<group>";
		};
		159E5282209054810052D216 /* BLE */ = {
			isa = PBXGroup;
			children = (
			);
			path = BLE;
			sourceTree = "<group>";
		};
		159E52832090549F0052D216 /* User */ = {
			isa = PBXGroup;
			children = (
			);
			path = User;
			sourceTree = "<group>";
		};
		159E5284209054A70052D216 /* App */ = {
			isa = PBXGroup;
			children = (
			);
			path = App;
			sourceTree = "<group>";
		};
		159E5285209054C60052D216 /* BaseNavigationController */ = {
			isa = PBXGroup;
			children = (
			);
			path = BaseNavigationController;
			sourceTree = "<group>";
		};
		159E5286209054EA0052D216 /* BaseTabbarController */ = {
			isa = PBXGroup;
			children = (
			);
			path = BaseTabbarController;
			sourceTree = "<group>";
		};
		159E5287209055000052D216 /* BaseViewController */ = {
			isa = PBXGroup;
			children = (
			);
			path = BaseViewController;
			sourceTree = "<group>";
		};
		159E529820905B9B0052D216 /* Socket */ = {
			isa = PBXGroup;
			children = (
			);
			path = Socket;
			sourceTree = "<group>";
		};
		159E529920905C0D0052D216 /* MsgBox */ = {
			isa = PBXGroup;
			children = (
			);
			path = MsgBox;
			sourceTree = "<group>";
		};
		15AF8BDB208F38EA00B1B3B8 = {
			isa = PBXGroup;
			children = (
				15AF8BE6208F38EA00B1B3B8 /* CommonKit */,
				15AF8BE5208F38EA00B1B3B8 /* Products */,
				62CB500EA3973D60303F138E /* Pods */,
				77C65532C6AB74E6AF05BFD1 /* Frameworks */,
			);
			sourceTree = "<group>";
		};
		15AF8BE5208F38EA00B1B3B8 /* Products */ = {
			isa = PBXGroup;
			children = (
				15AF8BE4208F38EA00B1B3B8 /* CommonKit.app */,
			);
			name = Products;
			sourceTree = "<group>";
		};
		15AF8BE6208F38EA00B1B3B8 /* CommonKit */ = {
			isa = PBXGroup;
			children = (
				15AF8BFE208F393A00B1B3B8 /* AppDelegate */,
				15AF8BFD208F391900B1B3B8 /* CommonKit */,
				15AF8BEA208F38EA00B1B3B8 /* ViewController.h */,
				15AF8BEB208F38EA00B1B3B8 /* ViewController.m */,
				15AF8BED208F38EA00B1B3B8 /* Main.storyboard */,
				15AF8BF0208F38F200B1B3B8 /* Assets.xcassets */,
				15AF8BF2208F38F200B1B3B8 /* LaunchScreen.storyboard */,
				15AF8BF5208F38F200B1B3B8 /* Info.plist */,
				15AF8BF6208F38F200B1B3B8 /* main.m */,
			);
			path = CommonKit;
			sourceTree = "<group>";
		};
		15AF8BFD208F391900B1B3B8 /* CommonKit */ = {
			isa = PBXGroup;
			children = (
				159E527020900ED90052D216 /* Category */,
				15AF8C0C208F3B5700B1B3B8 /* Custom */,
				15AF8C0B208F3AFF00B1B3B8 /* Macros */,
				15AF8C0A208F3A9D00B1B3B8 /* Thirds */,
				15AF8C09208F3A7700B1B3B8 /* Utils */,
			);
			path = CommonKit;
			sourceTree = "<group>";
		};
		15AF8BFE208F393A00B1B3B8 /* AppDelegate */ = {
			isa = PBXGroup;
			children = (
				15AF8BE7208F38EA00B1B3B8 /* AppDelegate.h */,
				15AF8BE8208F38EA00B1B3B8 /* AppDelegate.m */,
				15AF8C02208F39A000B1B3B8 /* AppDelegate+AppServer.h */,
				15AF8C03208F39A000B1B3B8 /* AppDelegate+AppServer.m */,
				15AF8C05208F39B000B1B3B8 /* AppDelegate+PushServer.h */,
				15AF8C06208F39B000B1B3B8 /* AppDelegate+PushServer.m */,
			);
			path = AppDelegate;
			sourceTree = "<group>";
		};
		15AF8C09208F3A7700B1B3B8 /* Utils */ = {
			isa = PBXGroup;
			children = (
				159E529920905C0D0052D216 /* MsgBox */,
				159E5284209054A70052D216 /* App */,
				159E52832090549F0052D216 /* User */,
				159E5282209054810052D216 /* BLE */,
				159E5281209054720052D216 /* HTTP */,
				159E529820905B9B0052D216 /* Socket */,
				159E5271209010120052D216 /* 说明.h */,
			);
			path = Utils;
			sourceTree = "<group>";
		};
		15AF8C0A208F3A9D00B1B3B8 /* Thirds */ = {
			isa = PBXGroup;
			children = (
				159E526E20900C0E0052D216 /* 说明.h */,
			);
			path = Thirds;
			sourceTree = "<group>";
		};
		15AF8C0B208F3AFF00B1B3B8 /* Macros */ = {
			isa = PBXGroup;
			children = (
				159E52912090562A0052D216 /* FontAndColor.h */,
				159E5292209056530052D216 /* SDKConst.h */,
				159E5294209056760052D216 /* URLConst.h */,
				159E5295209057790052D216 /* NotificationConst.h */,
				159E5297209057E40052D216 /* OtherConst.h */,
			);
			path = Macros;
			sourceTree = "<group>";
		};
		15AF8C0C208F3B5700B1B3B8 /* Custom */ = {
			isa = PBXGroup;
			children = (
				159E5287209055000052D216 /* BaseViewController */,
				159E5286209054EA0052D216 /* BaseTabbarController */,
				159E5285209054C60052D216 /* BaseNavigationController */,
				159E526F20900D950052D216 /* 说明.h */,
			);
			path = Custom;
			sourceTree = "<group>";
		};
		62CB500EA3973D60303F138E /* Pods */ = {
			isa = PBXGroup;
			children = (
				37FF04B98BD663F153157043 /* Pods-CommonKit.debug.xcconfig */,
				BEF5543D7849C4F093BBAF39 /* Pods-CommonKit.release.xcconfig */,
			);
			name = Pods;
			sourceTree = "<group>";
		};
		77C65532C6AB74E6AF05BFD1 /* Frameworks */ = {
			isa = PBXGroup;
			children = (
				84BBD78EBFE900BC72041487 /* Pods_CommonKit.framework */,
			);
			name = Frameworks;
			sourceTree = "<group>";
		};
/* End PBXGroup section */

/* Begin PBXNativeTarget section */
		15AF8BE3208F38EA00B1B3B8 /* CommonKit */ = {
			isa = PBXNativeTarget;
			buildConfigurationList = 15AF8BFA208F38F200B1B3B8 /* Build configuration list for PBXNativeTarget "CommonKit" */;
			buildPhases = (
				9EFE363A062F4A275A802AC8 /* [CP] Check Pods Manifest.lock */,
				15AF8BE0208F38EA00B1B3B8 /* Sources */,
				15AF8BE1208F38EA00B1B3B8 /* Frameworks */,
				15AF8BE2208F38EA00B1B3B8 /* Resources */,
				0DCE15811615E48D0C17070A /* [CP] Embed Pods Frameworks */,
				6EBE348144C0FB95CF3BD592 /* [CP] Copy Pods Resources */,
			);
			buildRules = (
			);
			dependencies = (
			);
			name = CommonKit;
			productName = CommonKit;
			productReference = 15AF8BE4208F38EA00B1B3B8 /* CommonKit.app */;
			productType = "com.apple.product-type.application";
		};
/* End PBXNativeTarget section */

/* Begin PBXProject section */
		15AF8BDC208F38EA00B1B3B8 /* Project object */ = {
			isa = PBXProject;
			attributes = {
				LastUpgradeCheck = 0930;
				ORGANIZATIONNAME = Joseph;
				TargetAttributes = {
					15AF8BE3208F38EA00B1B3B8 = {
						CreatedOnToolsVersion = 9.3;
						ProvisioningStyle = Automatic;
					};
				};
			};
			buildConfigurationList = 15AF8BDF208F38EA00B1B3B8 /* Build configuration list for PBXProject "CommonKit" */;
			compatibilityVersion = "Xcode 8.0";
			developmentRegion = en;
			hasScannedForEncodings = 0;
			knownRegions = (
				en,
				Base,
			);
			mainGroup = 15AF8BDB208F38EA00B1B3B8;
			productRefGroup = 15AF8BE5208F38EA00B1B3B8 /* Products */;
			projectDirPath = "";
			projectRoot = "";
			targets = (
				15AF8BE3208F38EA00B1B3B8 /* CommonKit */,
			);
		};
/* End PBXProject section */

/* Begin PBXResourcesBuildPhase section */
		15AF8BE2208F38EA00B1B3B8 /* Resources */ = {
			isa = PBXResourcesBuildPhase;
			buildActionMask = 2147483647;
			files = (
				15AF8BF4208F38F200B1B3B8 /* LaunchScreen.storyboard in Resources */,
				15AF8BF1208F38F200B1B3B8 /* Assets.xcassets in Resources */,
				15AF8BEF208F38EA00B1B3B8 /* Main.storyboard in Resources */,
			);
			runOnlyForDeploymentPostprocessing = 0;
		};
/* End PBXResourcesBuildPhase section */

/* Begin PBXShellScriptBuildPhase section */
		0DCE15811615E48D0C17070A /* [CP] Embed Pods Frameworks */ = {
			isa = PBXShellScriptBuildPhase;
			buildActionMask = 2147483647;
			files = (
			);
			inputPaths = (
				"${SRCROOT}/Pods/Target Support Files/Pods-CommonKit/Pods-CommonKit-frameworks.sh",
				"${BUILT_PRODUCTS_DIR}/MJRefresh/MJRefresh.framework",
				"${BUILT_PRODUCTS_DIR}/SDAutoLayout/SDAutoLayout.framework",
				"${BUILT_PRODUCTS_DIR}/XMNetworking/XMNetworking.framework",
				"${BUILT_PRODUCTS_DIR}/YYKit/YYKit.framework",
			);
			name = "[CP] Embed Pods Frameworks";
			outputPaths = (
				"${TARGET_BUILD_DIR}/${FRAMEWORKS_FOLDER_PATH}/MJRefresh.framework",
				"${TARGET_BUILD_DIR}/${FRAMEWORKS_FOLDER_PATH}/SDAutoLayout.framework",
				"${TARGET_BUILD_DIR}/${FRAMEWORKS_FOLDER_PATH}/XMNetworking.framework",
				"${TARGET_BUILD_DIR}/${FRAMEWORKS_FOLDER_PATH}/YYKit.framework",
			);
			runOnlyForDeploymentPostprocessing = 0;
			shellPath = /bin/sh;
			shellScript = "\"${SRCROOT}/Pods/Target Support Files/Pods-CommonKit/Pods-CommonKit-frameworks.sh\"\n";
			showEnvVarsInLog = 0;
		};
		6EBE348144C0FB95CF3BD592 /* [CP] Copy Pods Resources */ = {
			isa = PBXShellScriptBuildPhase;
			buildActionMask = 2147483647;
			files = (
			);
			inputPaths = (
			);
			name = "[CP] Copy Pods Resources";
			outputPaths = (
			);
			runOnlyForDeploymentPostprocessing = 0;
			shellPath = /bin/sh;
			shellScript = "\"${SRCROOT}/Pods/Target Support Files/Pods-CommonKit/Pods-CommonKit-resources.sh\"\n";
			showEnvVarsInLog = 0;
		};
		9EFE363A062F4A275A802AC8 /* [CP] Check Pods Manifest.lock */ = {
			isa = PBXShellScriptBuildPhase;
			buildActionMask = 2147483647;
			files = (
			);
			inputPaths = (
				"${PODS_PODFILE_DIR_PATH}/Podfile.lock",
				"${PODS_ROOT}/Manifest.lock",
			);
			name = "[CP] Check Pods Manifest.lock";
			outputPaths = (
				"$(DERIVED_FILE_DIR)/Pods-CommonKit-checkManifestLockResult.txt",
			);
			runOnlyForDeploymentPostprocessing = 0;
			shellPath = /bin/sh;
			shellScript = "diff \"${PODS_PODFILE_DIR_PATH}/Podfile.lock\" \"${PODS_ROOT}/Manifest.lock\" > /dev/null\nif [ $? != 0 ] ; then\n    # print error to STDERR\n    echo \"error: The sandbox is not in sync with the Podfile.lock. Run 'pod install' or update your CocoaPods installation.\" >&2\n    exit 1\nfi\n# This output is used by Xcode 'outputs' to avoid re-running this script phase.\necho \"SUCCESS\" > \"${SCRIPT_OUTPUT_FILE_0}\"\n";
			showEnvVarsInLog = 0;
		};
/* End PBXShellScriptBuildPhase section */

/* Begin PBXSourcesBuildPhase section */
		15AF8BE0208F38EA00B1B3B8 /* Sources */ = {
			isa = PBXSourcesBuildPhase;
			buildActionMask = 2147483647;
			files = (
				159E528D209055630052D216 /* UIColor+CJAdd.m in Sources */,
				15AF8C07208F39B000B1B3B8 /* AppDelegate+PushServer.m in Sources */,
				15AF8BEC208F38EA00B1B3B8 /* ViewController.m in Sources */,
				159E528A209055400052D216 /* UIButton+CJAdd.m in Sources */,
				15AF8C04208F39A000B1B3B8 /* AppDelegate+AppServer.m in Sources */,
				15AF8BF7208F38F200B1B3B8 /* main.m in Sources */,
				15AF8BE9208F38EA00B1B3B8 /* AppDelegate.m in Sources */,
			);
			runOnlyForDeploymentPostprocessing = 0;
		};
/* End PBXSourcesBuildPhase section */

/* Begin PBXVariantGroup section */
		15AF8BED208F38EA00B1B3B8 /* Main.storyboard */ = {
			isa = PBXVariantGroup;
			children = (
				15AF8BEE208F38EA00B1B3B8 /* Base */,
			);
			name = Main.storyboard;
			sourceTree = "<group>";
		};
		15AF8BF2208F38F200B1B3B8 /* LaunchScreen.storyboard */ = {
			isa = PBXVariantGroup;
			children = (
				15AF8BF3208F38F200B1B3B8 /* Base */,
			);
			name = LaunchScreen.storyboard;
			sourceTree = "<group>";
		};
/* End PBXVariantGroup section */

/* Begin XCBuildConfiguration section */
		15AF8BF8208F38F200B1B3B8 /* Debug */ = {
			isa = XCBuildConfiguration;
			buildSettings = {
				ALWAYS_SEARCH_USER_PATHS = NO;
				CLANG_ANALYZER_NONNULL = YES;
				CLANG_ANALYZER_NUMBER_OBJECT_CONVERSION = YES_AGGRESSIVE;
				CLANG_CXX_LANGUAGE_STANDARD = "gnu++14";
				CLANG_CXX_LIBRARY = "libc++";
				CLANG_ENABLE_MODULES = YES;
				CLANG_ENABLE_OBJC_ARC = YES;
				CLANG_ENABLE_OBJC_WEAK = YES;
				CLANG_WARN_BLOCK_CAPTURE_AUTORELEASING = YES;
				CLANG_WARN_BOOL_CONVERSION = YES;
				CLANG_WARN_COMMA = YES;
				CLANG_WARN_CONSTANT_CONVERSION = YES;
				CLANG_WARN_DEPRECATED_OBJC_IMPLEMENTATIONS = YES;
				CLANG_WARN_DIRECT_OBJC_ISA_USAGE = YES_ERROR;
				CLANG_WARN_DOCUMENTATION_COMMENTS = YES;
				CLANG_WARN_EMPTY_BODY = YES;
				CLANG_WARN_ENUM_CONVERSION = YES;
				CLANG_WARN_INFINITE_RECURSION = YES;
				CLANG_WARN_INT_CONVERSION = YES;
				CLANG_WARN_NON_LITERAL_NULL_CONVERSION = YES;
				CLANG_WARN_OBJC_IMPLICIT_RETAIN_SELF = YES;
				CLANG_WARN_OBJC_LITERAL_CONVERSION = YES;
				CLANG_WARN_OBJC_ROOT_CLASS = YES_ERROR;
				CLANG_WARN_RANGE_LOOP_ANALYSIS = YES;
				CLANG_WARN_STRICT_PROTOTYPES = YES;
				CLANG_WARN_SUSPICIOUS_MOVE = YES;
				CLANG_WARN_UNGUARDED_AVAILABILITY = YES_AGGRESSIVE;
				CLANG_WARN_UNREACHABLE_CODE = YES;
				CLANG_WARN__DUPLICATE_METHOD_MATCH = YES;
				CODE_SIGN_IDENTITY = "iPhone Developer";
				COPY_PHASE_STRIP = NO;
				DEBUG_INFORMATION_FORMAT = dwarf;
				ENABLE_STRICT_OBJC_MSGSEND = YES;
				ENABLE_TESTABILITY = YES;
				GCC_C_LANGUAGE_STANDARD = gnu11;
				GCC_DYNAMIC_NO_PIC = NO;
				GCC_NO_COMMON_BLOCKS = YES;
				GCC_OPTIMIZATION_LEVEL = 0;
				GCC_PREPROCESSOR_DEFINITIONS = (
					"DEBUG=1",
					"$(inherited)",
				);
				GCC_WARN_64_TO_32_BIT_CONVERSION = YES;
				GCC_WARN_ABOUT_RETURN_TYPE = YES_ERROR;
				GCC_WARN_UNDECLARED_SELECTOR = YES;
				GCC_WARN_UNINITIALIZED_AUTOS = YES_AGGRESSIVE;
				GCC_WARN_UNUSED_FUNCTION = YES;
				GCC_WARN_UNUSED_VARIABLE = YES;
				IPHONEOS_DEPLOYMENT_TARGET = 8.0;
				MTL_ENABLE_DEBUG_INFO = YES;
				ONLY_ACTIVE_ARCH = YES;
				SDKROOT = iphoneos;
			};
			name = Debug;
		};
		15AF8BF9208F38F200B1B3B8 /* Release */ = {
			isa = XCBuildConfiguration;
			buildSettings = {
				ALWAYS_SEARCH_USER_PATHS = NO;
				CLANG_ANALYZER_NONNULL = YES;
				CLANG_ANALYZER_NUMBER_OBJECT_CONVERSION = YES_AGGRESSIVE;
				CLANG_CXX_LANGUAGE_STANDARD = "gnu++14";
				CLANG_CXX_LIBRARY = "libc++";
				CLANG_ENABLE_MODULES = YES;
				CLANG_ENABLE_OBJC_ARC = YES;
				CLANG_ENABLE_OBJC_WEAK = YES;
				CLANG_WARN_BLOCK_CAPTURE_AUTORELEASING = YES;
				CLANG_WARN_BOOL_CONVERSION = YES;
				CLANG_WARN_COMMA = YES;
				CLANG_WARN_CONSTANT_CONVERSION = YES;
				CLANG_WARN_DEPRECATED_OBJC_IMPLEMENTATIONS = YES;
				CLANG_WARN_DIRECT_OBJC_ISA_USAGE = YES_ERROR;
				CLANG_WARN_DOCUMENTATION_COMMENTS = YES;
				CLANG_WARN_EMPTY_BODY = YES;
				CLANG_WARN_ENUM_CONVERSION = YES;
				CLANG_WARN_INFINITE_RECURSION = YES;
				CLANG_WARN_INT_CONVERSION = YES;
				CLANG_WARN_NON_LITERAL_NULL_CONVERSION = YES;
				CLANG_WARN_OBJC_IMPLICIT_RETAIN_SELF = YES;
				CLANG_WARN_OBJC_LITERAL_CONVERSION = YES;
				CLANG_WARN_OBJC_ROOT_CLASS = YES_ERROR;
				CLANG_WARN_RANGE_LOOP_ANALYSIS = YES;
				CLANG_WARN_STRICT_PROTOTYPES = YES;
				CLANG_WARN_SUSPICIOUS_MOVE = YES;
				CLANG_WARN_UNGUARDED_AVAILABILITY = YES_AGGRESSIVE;
				CLANG_WARN_UNREACHABLE_CODE = YES;
				CLANG_WARN__DUPLICATE_METHOD_MATCH = YES;
				CODE_SIGN_IDENTITY = "iPhone Developer";
				COPY_PHASE_STRIP = NO;
				DEBUG_INFORMATION_FORMAT = "dwarf-with-dsym";
				ENABLE_NS_ASSERTIONS = NO;
				ENABLE_STRICT_OBJC_MSGSEND = YES;
				GCC_C_LANGUAGE_STANDARD = gnu11;
				GCC_NO_COMMON_BLOCKS = YES;
				GCC_WARN_64_TO_32_BIT_CONVERSION = YES;
				GCC_WARN_ABOUT_RETURN_TYPE = YES_ERROR;
				GCC_WARN_UNDECLARED_SELECTOR = YES;
				GCC_WARN_UNINITIALIZED_AUTOS = YES_AGGRESSIVE;
				GCC_WARN_UNUSED_FUNCTION = YES;
				GCC_WARN_UNUSED_VARIABLE = YES;
				IPHONEOS_DEPLOYMENT_TARGET = 8.0;
				MTL_ENABLE_DEBUG_INFO = NO;
				SDKROOT = iphoneos;
				VALIDATE_PRODUCT = YES;
			};
			name = Release;
		};
		15AF8BFB208F38F200B1B3B8 /* Debug */ = {
			isa = XCBuildConfiguration;
			baseConfigurationReference = 37FF04B98BD663F153157043 /* Pods-CommonKit.debug.xcconfig */;
			buildSettings = {
				ASSETCATALOG_COMPILER_APPICON_NAME = AppIcon;
				CODE_SIGN_STYLE = Automatic;
				DEVELOPMENT_TEAM = NV7UZ7U959;
				INFOPLIST_FILE = CommonKit/Info.plist;
				LD_RUNPATH_SEARCH_PATHS = "$(inherited) @executable_path/Frameworks";
				PRODUCT_BUNDLE_IDENTIFIER = com.XXX.CommonKit;
				PRODUCT_NAME = "$(TARGET_NAME)";
				TARGETED_DEVICE_FAMILY = "1,2";
			};
			name = Debug;
		};
		15AF8BFC208F38F200B1B3B8 /* Release */ = {
			isa = XCBuildConfiguration;
			baseConfigurationReference = BEF5543D7849C4F093BBAF39 /* Pods-CommonKit.release.xcconfig */;
			buildSettings = {
				ASSETCATALOG_COMPILER_APPICON_NAME = AppIcon;
				CODE_SIGN_STYLE = Automatic;
				DEVELOPMENT_TEAM = NV7UZ7U959;
				INFOPLIST_FILE = CommonKit/Info.plist;
				LD_RUNPATH_SEARCH_PATHS = "$(inherited) @executable_path/Frameworks";
				PRODUCT_BUNDLE_IDENTIFIER = com.XXX.CommonKit;
				PRODUCT_NAME = "$(TARGET_NAME)";
				TARGETED_DEVICE_FAMILY = "1,2";
			};
			name = Release;
		};
/* End XCBuildConfiguration section */

/* Begin XCConfigurationList section */
		15AF8BDF208F38EA00B1B3B8 /* Build configuration list for PBXProject "CommonKit" */ = {
			isa = XCConfigurationList;
			buildConfigurations = (
				15AF8BF8208F38F200B1B3B8 /* Debug */,
				15AF8BF9208F38F200B1B3B8 /* Release */,
			);
			defaultConfigurationIsVisible = 0;
			defaultConfigurationName = Release;
		};
		15AF8BFA208F38F200B1B3B8 /* Build configuration list for PBXNativeTarget "CommonKit" */ = {
			isa = XCConfigurationList;
			buildConfigurations = (
				15AF8BFB208F38F200B1B3B8 /* Debug */,
				15AF8BFC208F38F200B1B3B8 /* Release */,
			);
			defaultConfigurationIsVisible = 0;
			defaultConfigurationName = Release;
		};
/* End XCConfigurationList section */
	};
	rootObject = 15AF8BDC208F38EA00B1B3B8 /* Project object */;
}
